
Microsoft Visual Studio Solution File, Format Version 12.00
# Visual Studio Version 16
VisualStudioVersion = 16.0.31205.134
MinimumVisualStudioVersion = 10.0.40219.1
Project("{FAE04EC0-301F-11D3-BF4B-00C04F79EFBC}") = "ColorSwitcher.UWP", "ColorSwitcher\ColorSwitcher.UWP\ColorSwitcher.UWP.csproj", "{ABFBDB32-C9E4-48DF-8872-70193DE48BCF}"
EndProject
Project("{FAE04EC0-301F-11D3-BF4B-00C04F79EFBC}") = "ColorSwitcher.Android", "ColorSwitcher\ColorSwitcher.Android\ColorSwitcher.Android.csproj", "{142A849C-6972-4160-B165-679644326E2E}"
EndProject
Project("{FAE04EC0-301F-11D3-BF4B-00C04F79EFBC}") = "ColorSwitcher.iOS", "ColorSwitcher\ColorSwitcher.iOS\ColorSwitcher.iOS.csproj", "{087927F4-303A-4552-A89A-5A4E6B159010}"
EndProject
Project("{FAE04EC0-301F-11D3-BF4B-00C04F79EFBC}") = "ColorSwitcher", "ColorSwitcher\ColorSwitcher\ColorSwitcher.csproj", "{FA07B0E3-03FE-46BA-A231-E6133F138BF4}"
EndProject
Global
	GlobalSection(SolutionConfigurationPlatforms) = preSolution
		Debug|Any CPU = Debug|Any CPU
		Debug|ARM = Debug|ARM
		Debug|iPhone = Debug|iPhone
		Debug|iPhoneSimulator = Debug|iPhoneSimulator
		Debug|x64 = Debug|x64
		Debug|x86 = Debug|x86
		Release|Any CPU = Release|Any CPU
		Release|ARM = Release|ARM
		Release|iPhone = Release|iPhone
		Release|iPhoneSimulator = Release|iPhoneSimulator
		Release|x64 = Release|x64
		Release|x86 = Release|x86
	EndGlobalSection
	GlobalSection(ProjectConfigurationPlatforms) = postSolution
		{ABFBDB32-C9E4-48DF-8872-70193DE48BCF}.Debug|Any CPU.ActiveCfg = Debug|x86
		{ABFBDB32-C9E4-48DF-8872-70193DE48BCF}.Debug|Any CPU.Build.0 = Debug|x86
		{ABFBDB32-C9E4-48DF-8872-70193DE48BCF}.Debug|Any CPU.Deploy.0 = Debug|x86
		{ABFBDB32-C9E4-48DF-8872-70193DE48BCF}.Debug|ARM.ActiveCfg = Debug|ARM
		{ABFBDB32-C9E4-48DF-8872-70193DE48BCF}.Debug|ARM.Build.0 = Debug|ARM
		{ABFBDB32-C9E4-48DF-8872-70193DE48BCF}.Debug|ARM.Deploy.0 = Debug|ARM
		{ABFBDB32-C9E4-48DF-8872-70193DE48BCF}.Debug|iPhone.ActiveCfg = Debug|x86
		{ABFBDB32-C9E4-48DF-8872-70193DE48BCF}.Debug|iPhone.Build.0 = Debug|x86
		{ABFBDB32-C9E4-48DF-8872-70193DE48BCF}.Debug|iPhone.Deploy.0 = Debug|x86
		{ABFBDB32-C9E4-48DF-8872-70193DE48BCF}.Debug|iPhoneSimulator.ActiveCfg = Debug|x86
		{ABFBDB32-C9E4-48DF-8872-70193DE48BCF}.Debug|iPhoneSimulator.Build.0 = Debug|x86
		{ABFBDB32-C9E4-48DF-8872-70193DE48BCF}.Debug|iPhoneSimulator.Deploy.0 = Debug|x86
		{ABFBDB32-C9E4-48DF-8872-70193DE48BCF}.Debug|x64.ActiveCfg = Debug|x64
		{ABFBDB32-C9E4-48DF-8872-70193DE48BCF}.Debug|x64.Build.0 = Debug|x64
		{ABFBDB32-C9E4-48DF-8872-70193DE48BCF}.Debug|x64.Deploy.0 = Debug|x64
		{ABFBDB32-C9E4-48DF-8872-70193DE48BCF}.Debug|x86.ActiveCfg = Debug|x86
		{ABFBDB32-C9E4-48DF-8872-70193DE48BCF}.Debug|x86.Build.0 = Debug|x86
		{ABFBDB32-C9E4-48DF-8872-70193DE48BCF}.Debug|x86.Deploy.0 = Debug|x86
		{ABFBDB32-C9E4-48DF-8872-70193DE48BCF}.Release|Any CPU.ActiveCfg = Release|x86
		{ABFBDB32-C9E4-48DF-8872-70193DE48BCF}.Release|Any CPU.Build.0 = Release|x86
		{ABFBDB32-C9E4-48DF-8872-70193DE48BCF}.Release|Any CPU.Deploy.0 = Release|x86
		{ABFBDB32-C9E4-48DF-8872-70193DE48BCF}.Release|ARM.ActiveCfg = Release|ARM
		{ABFBDB32-C9E4-48DF-8872-70193DE48BCF}.Release|ARM.Build.0 = Release|ARM
		{ABFBDB32-C9E4-48DF-8872-70193DE48BCF}.Release|ARM.Deploy.0 = Release|ARM
		{ABFBDB32-C9E4-48DF-8872-70193DE48BCF}.Release|iPhone.ActiveCfg = Release|x86
		{ABFBDB32-C9E4-48DF-8872-70193DE48BCF}.Release|iPhone.Build.0 = Release|x86
		{ABFBDB32-C9E4-48DF-8872-70193DE48BCF}.Release|iPhone.Deploy.0 = Release|x86
		{ABFBDB32-C9E4-48DF-8872-70193DE48BCF}.Release|iPhoneSimulator.ActiveCfg = Release|x86
		{ABFBDB32-C9E4-48DF-8872-70193DE48BCF}.Release|iPhoneSimulator.Build.0 = Release|x86
		{ABFBDB32-C9E4-48DF-8872-70193DE48BCF}.Release|iPhoneSimulator.Deploy.0 = Release|x86
		{ABFBDB32-C9E4-48DF-8872-70193DE48BCF}.Release|x64.ActiveCfg = Release|x64
		{ABFBDB32-C9E4-48DF-8872-70193DE48BCF}.Release|x64.Build.0 = Release|x64
		{ABFBDB32-C9E4-48DF-8872-70193DE48BCF}.Release|x64.Deploy.0 = Release|x64
		{ABFBDB32-C9E4-48DF-8872-70193DE48BCF}.Release|x86.ActiveCfg = Release|x86
		{ABFBDB32-C9E4-48DF-8872-70193DE48BCF}.Release|x86.Build.0 = Release|x86
		{ABFBDB32-C9E4-48DF-8872-70193DE48BCF}.Release|x86.Deploy.0 = Release|x86
		{142A849C-6972-4160-B165-679644326E2E}.Debug|Any CPU.ActiveCfg = Debug|Any CPU
		{142A849C-6972-4160-B165-679644326E2E}.Debug|Any CPU.Build.0 = Debug|Any CPU
		{142A849C-6972-4160-B165-679644326E2E}.Debug|Any CPU.Deploy.0 = Debug|Any CPU
		{142A849C-6972-4160-B165-679644326E2E}.Debug|ARM.ActiveCfg = Debug|Any CPU
		{142A849C-6972-4160-B165-679644326E2E}.Debug|ARM.Build.0 = Debug|Any CPU
		{142A849C-6972-4160-B165-679644326E2E}.Debug|ARM.Deploy.0 = Debug|Any CPU
		{142A849C-6972-4160-B165-679644326E2E}.Debug|iPhone.ActiveCfg = Debug|Any CPU
		{142A849C-6972-4160-B165-679644326E2E}.Debug|iPhone.Build.0 = Debug|Any CPU
		{142A849C-6972-4160-B165-679644326E2E}.Debug|iPhone.Deploy.0 = Debug|Any CPU
		{142A849C-6972-4160-B165-679644326E2E}.Debug|iPhoneSimulator.ActiveCfg = Debug|Any CPU
		{142A849C-6972-4160-B165-679644326E2E}.Debug|iPhoneSimulator.Build.0 = Debug|Any CPU
		{142A849C-6972-4160-B165-679644326E2E}.Debug|iPhoneSimulator.Deploy.0 = Debug|Any CPU
		{142A849C-6972-4160-B165-679644326E2E}.Debug|x64.ActiveCfg = Debug|Any CPU
		{142A849C-6972-4160-B165-679644326E2E}.Debug|x64.Build.0 = Debug|Any CPU
		{142A849C-6972-4160-B165-679644326E2E}.Debug|x64.Deploy.0 = Debug|Any CPU
		{142A849C-6972-4160-B165-679644326E2E}.Debug|x86.ActiveCfg = Debug|Any CPU
		{142A849C-6972-4160-B165-679644326E2E}.Debug|x86.Build.0 = Debug|Any CPU
		{142A849C-6972-4160-B165-679644326E2E}.Debug|x86.Deploy.0 = Debug|Any CPU
		{142A849C-6972-4160-B165-679644326E2E}.Release|Any CPU.ActiveCfg = Release|Any CPU
		{142A849C-6972-4160-B165-679644326E2E}.Release|Any CPU.Build.0 = Release|Any CPU
		{142A849C-6972-4160-B165-679644326E2E}.Release|Any CPU.Deploy.0 = Release|Any CPU
		{142A849C-6972-4160-B165-679644326E2E}.Release|ARM.ActiveCfg = Release|Any CPU
		{142A849C-6972-4160-B165-679644326E2E}.Release|ARM.Build.0 = Release|Any CPU
		{142A849C-6972-4160-B165-679644326E2E}.Release|ARM.Deploy.0 = Release|Any CPU
		{142A849C-6972-4160-B165-679644326E2E}.Release|iPhone.ActiveCfg = Release|Any CPU
		{142A849C-6972-4160-B165-679644326E2E}.Release|iPhone.Build.0 = Release|Any CPU
		{142A849C-6972-4160-B165-679644326E2E}.Release|iPhone.Deploy.0 = Release|Any CPU
		{142A849C-6972-4160-B165-679644326E2E}.Release|iPhoneSimulator.ActiveCfg = Release|Any CPU
		{142A849C-6972-4160-B165-679644326E2E}.Release|iPhoneSimulator.Build.0 = Release|Any CPU
		{142A849C-6972-4160-B165-679644326E2E}.Release|iPhoneSimulator.Deploy.0 = Release|Any CPU
		{142A849C-6972-4160-B165-679644326E2E}.Release|x64.ActiveCfg = Release|Any CPU
		{142A849C-6972-4160-B165-679644326E2E}.Release|x64.Build.0 = Release|Any CPU
		{142A849C-6972-4160-B165-679644326E2E}.Release|x64.Deploy.0 = Release|Any CPU
		{142A849C-6972-4160-B165-679644326E2E}.Release|x86.ActiveCfg = Release|Any CPU
		{142A849C-6972-4160-B165-679644326E2E}.Release|x86.Build.0 = Release|Any CPU
		{142A849C-6972-4160-B165-679644326E2E}.Release|x86.Deploy.0 = Release|Any CPU
		{087927F4-303A-4552-A89A-5A4E6B159010}.Debug|Any CPU.ActiveCfg = Debug|iPhoneSimulator
		{087927F4-303A-4552-A89A-5A4E6B159010}.Debug|Any CPU.Build.0 = Debug|iPhoneSimulator
		{087927F4-303A-4552-A89A-5A4E6B159010}.Debug|Any CPU.Deploy.0 = Debug|iPhoneSimulator
		{087927F4-303A-4552-A89A-5A4E6B159010}.Debug|ARM.ActiveCfg = Debug|iPhone
		{087927F4-303A-4552-A89A-5A4E6B159010}.Debug|ARM.Build.0 = Debug|iPhone
		{087927F4-303A-4552-A89A-5A4E6B159010}.Debug|ARM.Deploy.0 = Debug|iPhone
		{087927F4-303A-4552-A89A-5A4E6B159010}.Debug|iPhone.ActiveCfg = Debug|iPhone
		{087927F4-303A-4552-A89A-5A4E6B159010}.Debug|iPhone.Build.0 = Debug|iPhone
		{087927F4-303A-4552-A89A-5A4E6B159010}.Debug|iPhone.Deploy.0 = Debug|iPhone
		{087927F4-303A-4552-A89A-5A4E6B159010}.Debug|iPhoneSimulator.ActiveCfg = Debug|iPhoneSimulator
		{087927F4-303A-4552-A89A-5A4E6B159010}.Debug|iPhoneSimulator.Build.0 = Debug|iPhoneSimulator
		{087927F4-303A-4552-A89A-5A4E6B159010}.Debug|iPhoneSimulator.Deploy.0 = Debug|iPhoneSimulator
		{087927F4-303A-4552-A89A-5A4E6B159010}.Debug|x64.ActiveCfg = Debug|iPhoneSimulator
		{087927F4-303A-4552-A89A-5A4E6B159010}.Debug|x64.Build.0 = Debug|iPhoneSimulator
		{087927F4-303A-4552-A89A-5A4E6B159010}.Debug|x64.Deploy.0 = Debug|iPhoneSimulator
		{087927F4-303A-4552-A89A-5A4E6B159010}.Debug|x86.ActiveCfg = Debug|iPhoneSimulator
		{087927F4-303A-4552-A89A-5A4E6B159010}.Debug|x86.Build.0 = Debug|iPhoneSimulator
		{087927F4-303A-4552-A89A-5A4E6B159010}.Debug|x86.Deploy.0 = Debug|iPhoneSimulator
		{087927F4-303A-4552-A89A-5A4E6B159010}.Release|Any CPU.ActiveCfg = Release|iPhoneSimulator
		{087927F4-303A-4552-A89A-5A4E6B159010}.Release|Any CPU.Build.0 = Release|iPhoneSimulator
		{087927F4-303A-4552-A89A-5A4E6B159010}.Release|Any CPU.Deploy.0 = Release|iPhoneSimulator
		{087927F4-303A-4552-A89A-5A4E6B159010}.Release|ARM.ActiveCfg = Release|iPhoneSimulator
		{087927F4-303A-4552-A89A-5A4E6B159010}.Release|ARM.Build.0 = Release|iPhoneSimulator
		{087927F4-303A-4552-A89A-5A4E6B159010}.Release|ARM.Deploy.0 = Release|iPhoneSimulator
		{087927F4-303A-4552-A89A-5A4E6B159010}.Release|iPhone.ActiveCfg = Release|iPhone
		{087927F4-303A-4552-A89A-5A4E6B159010}.Release|iPhone.Build.0 = Release|iPhone
		{087927F4-303A-4552-A89A-5A4E6B159010}.Release|iPhone.Deploy.0 = Release|iPhone
		{087927F4-303A-4552-A89A-5A4E6B159010}.Release|iPhoneSimulator.ActiveCfg = Release|iPhoneSimulator
		{087927F4-303A-4552-A89A-5A4E6B159010}.Release|iPhoneSimulator.Build.0 = Release|iPhoneSimulator
		{087927F4-303A-4552-A89A-5A4E6B159010}.Release|iPhoneSimulator.Deploy.0 = Release|iPhoneSimulator
		{087927F4-303A-4552-A89A-5A4E6B159010}.Release|x64.ActiveCfg = Release|iPhoneSimulator
		{087927F4-303A-4552-A89A-5A4E6B159010}.Release|x64.Build.0 = Release|iPhoneSimulator
		{087927F4-303A-4552-A89A-5A4E6B159010}.Release|x64.Deploy.0 = Release|iPhoneSimulator
		{087927F4-303A-4552-A89A-5A4E6B159010}.Release|x86.ActiveCfg = Release|iPhoneSimulator
		{087927F4-303A-4552-A89A-5A4E6B159010}.Release|x86.Build.0 = Release|iPhoneSimulator
		{087927F4-303A-4552-A89A-5A4E6B159010}.Release|x86.Deploy.0 = Release|iPhoneSimulator
		{FA07B0E3-03FE-46BA-A231-E6133F138BF4}.Debug|Any CPU.ActiveCfg = Debug|Any CPU
		{FA07B0E3-03FE-46BA-A231-E6133F138BF4}.Debug|Any CPU.Build.0 = Debug|Any CPU
		{FA07B0E3-03FE-46BA-A231-E6133F138BF4}.Debug|Any CPU.Deploy.0 = Debug|Any CPU
		{FA07B0E3-03FE-46BA-A231-E6133F138BF4}.Debug|ARM.ActiveCfg = Debug|Any CPU
		{FA07B0E3-03FE-46BA-A231-E6133F138BF4}.Debug|ARM.Build.0 = Debug|Any CPU
		{FA07B0E3-03FE-46BA-A231-E6133F138BF4}.Debug|ARM.Deploy.0 = Debug|Any CPU
		{FA07B0E3-03FE-46BA-A231-E6133F138BF4}.Debug|iPhone.ActiveCfg = Debug|Any CPU
		{FA07B0E3-03FE-46BA-A231-E6133F138BF4}.Debug|iPhone.Build.0 = Debug|Any CPU
		{FA07B0E3-03FE-46BA-A231-E6133F138BF4}.Debug|iPhone.Deploy.0 = Debug|Any CPU
		{FA07B0E3-03FE-46BA-A231-E6133F138BF4}.Debug|iPhoneSimulator.ActiveCfg = Debug|Any CPU
		{FA07B0E3-03FE-46BA-A231-E6133F138BF4}.Debug|iPhoneSimulator.Build.0 = Debug|Any CPU
		{FA07B0E3-03FE-46BA-A231-E6133F138BF4}.Debug|iPhoneSimulator.Deploy.0 = Debug|Any CPU
		{FA07B0E3-03FE-46BA-A231-E6133F138BF4}.Debug|x64.ActiveCfg = Debug|Any CPU
		{FA07B0E3-03FE-46BA-A231-E6133F138BF4}.Debug|x64.Build.0 = Debug|Any CPU
		{FA07B0E3-03FE-46BA-A231-E6133F138BF4}.Debug|x64.Deploy.0 = Debug|Any CPU
		{FA07B0E3-03FE-46BA-A231-E6133F138BF4}.Debug|x86.ActiveCfg = Debug|Any CPU
		{FA07B0E3-03FE-46BA-A231-E6133F138BF4}.Debug|x86.Build.0 = Debug|Any CPU
		{FA07B0E3-03FE-46BA-A231-E6133F138BF4}.Debug|x86.Deploy.0 = Debug|Any CPU
		{FA07B0E3-03FE-46BA-A231-E6133F138BF4}.Release|Any CPU.ActiveCfg = Release|Any CPU
		{FA07B0E3-03FE-46BA-A231-E6133F138BF4}.Release|Any CPU.Build.0 = Release|Any CPU
		{FA07B0E3-03FE-46BA-A231-E6133F138BF4}.Release|Any CPU.Deploy.0 = Release|Any CPU
		{FA07B0E3-03FE-46BA-A231-E6133F138BF4}.Release|ARM.ActiveCfg = Release|Any CPU
		{FA07B0E3-03FE-46BA-A231-E6133F138BF4}.Release|ARM.Build.0 = Release|Any CPU
		{FA07B0E3-03FE-46BA-A231-E6133F138BF4}.Release|ARM.Deploy.0 = Release|Any CPU
		{FA07B0E3-03FE-46BA-A231-E6133F138BF4}.Release|iPhone.ActiveCfg = Release|Any CPU
		{FA07B0E3-03FE-46BA-A231-E6133F138BF4}.Release|iPhone.Build.0 = Release|Any CPU
		{FA07B0E3-03FE-46BA-A231-E6133F138BF4}.Release|iPhone.Deploy.0 = Release|Any CPU
		{FA07B0E3-03FE-46BA-A231-E6133F138BF4}.Release|iPhoneSimulator.ActiveCfg = Release|Any CPU
		{FA07B0E3-03FE-46BA-A231-E6133F138BF4}.Release|iPhoneSimulator.Build.0 = Release|Any CPU
		{FA07B0E3-03FE-46BA-A231-E6133F138BF4}.Release|iPhoneSimulator.Deploy.0 = Release|Any CPU
		{FA07B0E3-03FE-46BA-A231-E6133F138BF4}.Release|x64.ActiveCfg = Release|Any CPU
		{FA07B0E3-03FE-46BA-A231-E6133F138BF4}.Release|x64.Build.0 = Release|Any CPU
		{FA07B0E3-03FE-46BA-A231-E6133F138BF4}.Release|x64.Deploy.0 = Release|Any CPU
		{FA07B0E3-03FE-46BA-A231-E6133F138BF4}.Release|x86.ActiveCfg = Release|Any CPU
		{FA07B0E3-03FE-46BA-A231-E6133F138BF4}.Release|x86.Build.0 = Release|Any CPU
		{FA07B0E3-03FE-46BA-A231-E6133F138BF4}.Release|x86.Deploy.0 = Release|Any CPU
	EndGlobalSection
	GlobalSection(SolutionProperties) = preSolution
		HideSolutionNode = FALSE
	EndGlobalSection
	GlobalSection(ExtensibilityGlobals) = postSolution
		SolutionGuid = {6449E787-8BE8-47DA-85FE-5791584C2BE4}
	EndGlobalSection
EndGlobal
